// !$*UTF8*$!
{
	archiveVersion = 1;
	classes = {
	};
	objectVersion = 51;
	objects = {

/* Begin PBXBuildFile section */
		2001023925642D5B004855C0 /* PhotosCollectionViewController.swift in Sources */ = {isa = PBXBuildFile; fileRef = 2001023825642D5B004855C0 /* PhotosCollectionViewController.swift */; };
		2001023F25645D65004855C0 /* GroupsTableViewCell.swift in Sources */ = {isa = PBXBuildFile; fileRef = 2001023E25645D65004855C0 /* GroupsTableViewCell.swift */; };
		200E874825C2006600F0CD9D /* FriendsTableViewViewModel.swift in Sources */ = {isa = PBXBuildFile; fileRef = 200E874725C2006600F0CD9D /* FriendsTableViewViewModel.swift */; };
		200E874C25C20F5000F0CD9D /* FriendsTableViewCellViewModel.swift in Sources */ = {isa = PBXBuildFile; fileRef = 200E874B25C20F5000F0CD9D /* FriendsTableViewCellViewModel.swift */; };
		202F041125BF666B00AC7B4A /* FriendsTableViewCell+extension.swift in Sources */ = {isa = PBXBuildFile; fileRef = 202F041025BF666B00AC7B4A /* FriendsTableViewCell+extension.swift */; };
		202F041725BF78F800AC7B4A /* PhotosTableViewCell+extension.swift in Sources */ = {isa = PBXBuildFile; fileRef = 202F041625BF78F800AC7B4A /* PhotosTableViewCell+extension.swift */; };
		202F042025BF7D5C00AC7B4A /* GroupTableViewCell+extension.swift in Sources */ = {isa = PBXBuildFile; fileRef = 202F041F25BF7D5C00AC7B4A /* GroupTableViewCell+extension.swift */; };
		203D19872564665E00C6FA39 /* GlobalGroupsViewController.swift in Sources */ = {isa = PBXBuildFile; fileRef = 203D19862564665E00C6FA39 /* GlobalGroupsViewController.swift */; };
		203D198A25646B1700C6FA39 /* Post.swift in Sources */ = {isa = PBXBuildFile; fileRef = 203D198925646B1700C6FA39 /* Post.swift */; };
		203D198D25646F1A00C6FA39 /* PostTableViewCell.swift in Sources */ = {isa = PBXBuildFile; fileRef = 203D198C25646F1A00C6FA39 /* PostTableViewCell.swift */; };
		20493BD82562CFC500AF4972 /* AppDelegate.swift in Sources */ = {isa = PBXBuildFile; fileRef = 20493BD72562CFC500AF4972 /* AppDelegate.swift */; };
		20493BDA2562CFC500AF4972 /* SceneDelegate.swift in Sources */ = {isa = PBXBuildFile; fileRef = 20493BD92562CFC500AF4972 /* SceneDelegate.swift */; };
		20493BE12562CFC800AF4972 /* Assets.xcassets in Resources */ = {isa = PBXBuildFile; fileRef = 20493BE02562CFC800AF4972 /* Assets.xcassets */; };
		20493BE42562CFC800AF4972 /* LaunchScreen.storyboard in Resources */ = {isa = PBXBuildFile; fileRef = 20493BE22562CFC800AF4972 /* LaunchScreen.storyboard */; };
		20493BF42562D01800AF4972 /* MainTabController.swift in Sources */ = {isa = PBXBuildFile; fileRef = 20493BF32562D01800AF4972 /* MainTabController.swift */; };
		20493BF72562D02A00AF4972 /* FriendsViewController.swift in Sources */ = {isa = PBXBuildFile; fileRef = 20493BF62562D02A00AF4972 /* FriendsViewController.swift */; };
		20493BFA2562D03100AF4972 /* GroupsViewController.swift in Sources */ = {isa = PBXBuildFile; fileRef = 20493BF92562D03100AF4972 /* GroupsViewController.swift */; };
		20493BFD2562D03900AF4972 /* NewsFeedViewController.swift in Sources */ = {isa = PBXBuildFile; fileRef = 20493BFC2562D03900AF4972 /* NewsFeedViewController.swift */; };
		20493C042562DF8D00AF4972 /* LoginViewController.swift in Sources */ = {isa = PBXBuildFile; fileRef = 20493C032562DF8D00AF4972 /* LoginViewController.swift */; };
		20493C072562EDC900AF4972 /* Utilities.swift in Sources */ = {isa = PBXBuildFile; fileRef = 20493C062562EDC900AF4972 /* Utilities.swift */; };
		20493C12256310DB00AF4972 /* FriendsTableViewCell.swift in Sources */ = {isa = PBXBuildFile; fileRef = 20493C11256310DB00AF4972 /* FriendsTableViewCell.swift */; };
		204B2E8E259509D1005E33BA /* User.swift in Sources */ = {isa = PBXBuildFile; fileRef = 204B2E8D259509D1005E33BA /* User.swift */; };
		204B2E9125951ECF005E33BA /* NetworkService.swift in Sources */ = {isa = PBXBuildFile; fileRef = 204B2E9025951ECF005E33BA /* NetworkService.swift */; };
		204B2E9725963F6E005E33BA /* Photo.swift in Sources */ = {isa = PBXBuildFile; fileRef = 204B2E9625963F6E005E33BA /* Photo.swift */; };
		204B2E9A25964014005E33BA /* Group.swift in Sources */ = {isa = PBXBuildFile; fileRef = 204B2E9925964014005E33BA /* Group.swift */; };
		204B2EA1259758D2005E33BA /* BackendService.swift in Sources */ = {isa = PBXBuildFile; fileRef = 204B2EA0259758D2005E33BA /* BackendService.swift */; };
		205DB03825BCED76008869C2 /* UIView+extension.swift in Sources */ = {isa = PBXBuildFile; fileRef = 205DB03725BCED76008869C2 /* UIView+extension.swift */; };
		205DB03B25BCED91008869C2 /* UIColor+extension.swift in Sources */ = {isa = PBXBuildFile; fileRef = 205DB03A25BCED91008869C2 /* UIColor+extension.swift */; };
		205DB03E25BCEDB8008869C2 /* UIImage+extension.swift in Sources */ = {isa = PBXBuildFile; fileRef = 205DB03D25BCEDB8008869C2 /* UIImage+extension.swift */; };
		205DB04125BCEE13008869C2 /* String+extension.swift in Sources */ = {isa = PBXBuildFile; fileRef = 205DB04025BCEE13008869C2 /* String+extension.swift */; };
		20767DF625D043820068BE96 /* PostTableViewCell+extension.swift in Sources */ = {isa = PBXBuildFile; fileRef = 20767DF525D043820068BE96 /* PostTableViewCell+extension.swift */; };
		20A4E269258F8781003D33BF /* WebLoginViewController.swift in Sources */ = {isa = PBXBuildFile; fileRef = 20A4E268258F8781003D33BF /* WebLoginViewController.swift */; };
		20DAA17225C04051008129E7 /* FriendsViewController+extension.swift in Sources */ = {isa = PBXBuildFile; fileRef = 20DAA17125C04051008129E7 /* FriendsViewController+extension.swift */; };
		20F990C2256C069C00718F03 /* PhotosTableViewCell.swift in Sources */ = {isa = PBXBuildFile; fileRef = 20F990C1256C069C00718F03 /* PhotosTableViewCell.swift */; };
		20F990C8256D748500718F03 /* FriendsAnimationController.swift in Sources */ = {isa = PBXBuildFile; fileRef = 20F990C7256D748500718F03 /* FriendsAnimationController.swift */; };
		20F99115256FFEF300718F03 /* GroupsAnimationController.swift in Sources */ = {isa = PBXBuildFile; fileRef = 20F99114256FFEF300718F03 /* GroupsAnimationController.swift */; };
		A0CD62D9B4A8F08C76959E32 /* Pods_Homework.framework in Frameworks */ = {isa = PBXBuildFile; fileRef = F937C69FB5DF649AAB41F4C4 /* Pods_Homework.framework */; };
/* End PBXBuildFile section */

/* Begin PBXFileReference section */
		2001023825642D5B004855C0 /* PhotosCollectionViewController.swift */ = {isa = PBXFileReference; lastKnownFileType = sourcecode.swift; path = PhotosCollectionViewController.swift; sourceTree = "<group>"; };
		2001023E25645D65004855C0 /* GroupsTableViewCell.swift */ = {isa = PBXFileReference; lastKnownFileType = sourcecode.swift; path = GroupsTableViewCell.swift; sourceTree = "<group>"; };
		200E874725C2006600F0CD9D /* FriendsTableViewViewModel.swift */ = {isa = PBXFileReference; lastKnownFileType = sourcecode.swift; path = FriendsTableViewViewModel.swift; sourceTree = "<group>"; };
		200E874B25C20F5000F0CD9D /* FriendsTableViewCellViewModel.swift */ = {isa = PBXFileReference; lastKnownFileType = sourcecode.swift; path = FriendsTableViewCellViewModel.swift; sourceTree = "<group>"; };
		202F041025BF666B00AC7B4A /* FriendsTableViewCell+extension.swift */ = {isa = PBXFileReference; lastKnownFileType = sourcecode.swift; path = "FriendsTableViewCell+extension.swift"; sourceTree = "<group>"; };
		202F041625BF78F800AC7B4A /* PhotosTableViewCell+extension.swift */ = {isa = PBXFileReference; lastKnownFileType = sourcecode.swift; path = "PhotosTableViewCell+extension.swift"; sourceTree = "<group>"; };
		202F041F25BF7D5C00AC7B4A /* GroupTableViewCell+extension.swift */ = {isa = PBXFileReference; lastKnownFileType = sourcecode.swift; path = "GroupTableViewCell+extension.swift"; sourceTree = "<group>"; };
		203D19862564665E00C6FA39 /* GlobalGroupsViewController.swift */ = {isa = PBXFileReference; lastKnownFileType = sourcecode.swift; path = GlobalGroupsViewController.swift; sourceTree = "<group>"; };
		203D198925646B1700C6FA39 /* Post.swift */ = {isa = PBXFileReference; lastKnownFileType = sourcecode.swift; path = Post.swift; sourceTree = "<group>"; };
		203D198C25646F1A00C6FA39 /* PostTableViewCell.swift */ = {isa = PBXFileReference; lastKnownFileType = sourcecode.swift; path = PostTableViewCell.swift; sourceTree = "<group>"; };
		20493BD42562CFC500AF4972 /* Homework.app */ = {isa = PBXFileReference; explicitFileType = wrapper.application; includeInIndex = 0; path = Homework.app; sourceTree = BUILT_PRODUCTS_DIR; };
		20493BD72562CFC500AF4972 /* AppDelegate.swift */ = {isa = PBXFileReference; lastKnownFileType = sourcecode.swift; path = AppDelegate.swift; sourceTree = "<group>"; };
		20493BD92562CFC500AF4972 /* SceneDelegate.swift */ = {isa = PBXFileReference; lastKnownFileType = sourcecode.swift; path = SceneDelegate.swift; sourceTree = "<group>"; };
		20493BE02562CFC800AF4972 /* Assets.xcassets */ = {isa = PBXFileReference; lastKnownFileType = folder.assetcatalog; path = Assets.xcassets; sourceTree = "<group>"; };
		20493BE32562CFC800AF4972 /* Base */ = {isa = PBXFileReference; lastKnownFileType = file.storyboard; name = Base; path = Base.lproj/LaunchScreen.storyboard; sourceTree = "<group>"; };
		20493BE52562CFC800AF4972 /* Info.plist */ = {isa = PBXFileReference; lastKnownFileType = text.plist.xml; path = Info.plist; sourceTree = "<group>"; };
		20493BF32562D01800AF4972 /* MainTabController.swift */ = {isa = PBXFileReference; lastKnownFileType = sourcecode.swift; path = MainTabController.swift; sourceTree = "<group>"; };
		20493BF62562D02A00AF4972 /* FriendsViewController.swift */ = {isa = PBXFileReference; lastKnownFileType = sourcecode.swift; path = FriendsViewController.swift; sourceTree = "<group>"; };
		20493BF92562D03100AF4972 /* GroupsViewController.swift */ = {isa = PBXFileReference; lastKnownFileType = sourcecode.swift; path = GroupsViewController.swift; sourceTree = "<group>"; };
		20493BFC2562D03900AF4972 /* NewsFeedViewController.swift */ = {isa = PBXFileReference; lastKnownFileType = sourcecode.swift; path = NewsFeedViewController.swift; sourceTree = "<group>"; };
		20493C032562DF8D00AF4972 /* LoginViewController.swift */ = {isa = PBXFileReference; lastKnownFileType = sourcecode.swift; path = LoginViewController.swift; sourceTree = "<group>"; };
		20493C062562EDC900AF4972 /* Utilities.swift */ = {isa = PBXFileReference; lastKnownFileType = sourcecode.swift; path = Utilities.swift; sourceTree = "<group>"; };
		20493C11256310DB00AF4972 /* FriendsTableViewCell.swift */ = {isa = PBXFileReference; lastKnownFileType = sourcecode.swift; path = FriendsTableViewCell.swift; sourceTree = "<group>"; };
		204B2E8D259509D1005E33BA /* User.swift */ = {isa = PBXFileReference; lastKnownFileType = sourcecode.swift; path = User.swift; sourceTree = "<group>"; };
		204B2E9025951ECF005E33BA /* NetworkService.swift */ = {isa = PBXFileReference; lastKnownFileType = sourcecode.swift; path = NetworkService.swift; sourceTree = "<group>"; };
		204B2E9625963F6E005E33BA /* Photo.swift */ = {isa = PBXFileReference; lastKnownFileType = sourcecode.swift; path = Photo.swift; sourceTree = "<group>"; };
		204B2E9925964014005E33BA /* Group.swift */ = {isa = PBXFileReference; lastKnownFileType = sourcecode.swift; path = Group.swift; sourceTree = "<group>"; };
		204B2EA0259758D2005E33BA /* BackendService.swift */ = {isa = PBXFileReference; lastKnownFileType = sourcecode.swift; path = BackendService.swift; sourceTree = "<group>"; };
		205DB03725BCED76008869C2 /* UIView+extension.swift */ = {isa = PBXFileReference; lastKnownFileType = sourcecode.swift; path = "UIView+extension.swift"; sourceTree = "<group>"; };
		205DB03A25BCED91008869C2 /* UIColor+extension.swift */ = {isa = PBXFileReference; lastKnownFileType = sourcecode.swift; path = "UIColor+extension.swift"; sourceTree = "<group>"; };
		205DB03D25BCEDB8008869C2 /* UIImage+extension.swift */ = {isa = PBXFileReference; lastKnownFileType = sourcecode.swift; path = "UIImage+extension.swift"; sourceTree = "<group>"; };
		205DB04025BCEE13008869C2 /* String+extension.swift */ = {isa = PBXFileReference; lastKnownFileType = sourcecode.swift; path = "String+extension.swift"; sourceTree = "<group>"; };
		20767DF525D043820068BE96 /* PostTableViewCell+extension.swift */ = {isa = PBXFileReference; lastKnownFileType = sourcecode.swift; path = "PostTableViewCell+extension.swift"; sourceTree = "<group>"; };
		20A4E268258F8781003D33BF /* WebLoginViewController.swift */ = {isa = PBXFileReference; lastKnownFileType = sourcecode.swift; path = WebLoginViewController.swift; sourceTree = "<group>"; };
		20DAA17125C04051008129E7 /* FriendsViewController+extension.swift */ = {isa = PBXFileReference; lastKnownFileType = sourcecode.swift; path = "FriendsViewController+extension.swift"; sourceTree = "<group>"; };
		20F990C1256C069C00718F03 /* PhotosTableViewCell.swift */ = {isa = PBXFileReference; lastKnownFileType = sourcecode.swift; path = PhotosTableViewCell.swift; sourceTree = "<group>"; };
		20F990C7256D748500718F03 /* FriendsAnimationController.swift */ = {isa = PBXFileReference; lastKnownFileType = sourcecode.swift; path = FriendsAnimationController.swift; sourceTree = "<group>"; };
		20F99114256FFEF300718F03 /* GroupsAnimationController.swift */ = {isa = PBXFileReference; lastKnownFileType = sourcecode.swift; path = GroupsAnimationController.swift; sourceTree = "<group>"; };
		5498EBA0B1B8115565F9DC08 /* Pods-Homework.release.xcconfig */ = {isa = PBXFileReference; includeInIndex = 1; lastKnownFileType = text.xcconfig; name = "Pods-Homework.release.xcconfig"; path = "Target Support Files/Pods-Homework/Pods-Homework.release.xcconfig"; sourceTree = "<group>"; };
		B880B207FB6B538389E6C947 /* Pods-Homework.debug.xcconfig */ = {isa = PBXFileReference; includeInIndex = 1; lastKnownFileType = text.xcconfig; name = "Pods-Homework.debug.xcconfig"; path = "Target Support Files/Pods-Homework/Pods-Homework.debug.xcconfig"; sourceTree = "<group>"; };
		F937C69FB5DF649AAB41F4C4 /* Pods_Homework.framework */ = {isa = PBXFileReference; explicitFileType = wrapper.framework; includeInIndex = 0; path = Pods_Homework.framework; sourceTree = BUILT_PRODUCTS_DIR; };
/* End PBXFileReference section */

/* Begin PBXFrameworksBuildPhase section */
		20493BD12562CFC500AF4972 /* Frameworks */ = {
			isa = PBXFrameworksBuildPhase;
			buildActionMask = 2147483647;
			files = (
				A0CD62D9B4A8F08C76959E32 /* Pods_Homework.framework in Frameworks */,
			);
			runOnlyForDeploymentPostprocessing = 0;
		};
/* End PBXFrameworksBuildPhase section */

/* Begin PBXGroup section */
		202F041325BF77A600AC7B4A /* Login */ = {
			isa = PBXGroup;
			children = (
				20493C032562DF8D00AF4972 /* LoginViewController.swift */,
			);
			path = Login;
			sourceTree = "<group>";
		};
		202F041425BF77B000AC7B4A /* WebLogin */ = {
			isa = PBXGroup;
			children = (
				20A4E268258F8781003D33BF /* WebLoginViewController.swift */,
			);
			path = WebLogin;
			sourceTree = "<group>";
		};
		202F042225BF805400AC7B4A /* ViewModel */ = {
			isa = PBXGroup;
			children = (
			);
			path = ViewModel;
			sourceTree = "<group>";
		};
		202F042625BF80A700AC7B4A /* ViewModel */ = {
			isa = PBXGroup;
			children = (
			);
			path = ViewModel;
			sourceTree = "<group>";
		};
		20493BCB2562CFC500AF4972 = {
			isa = PBXGroup;
			children = (
				20493BD62562CFC500AF4972 /* Homework */,
				20493BD52562CFC500AF4972 /* Products */,
				F0053D691AE6D9825C5BB63C /* Pods */,
				6F4B51DB2571BA8BBE9463C9 /* Frameworks */,
			);
			sourceTree = "<group>";
		};
		20493BD52562CFC500AF4972 /* Products */ = {
			isa = PBXGroup;
			children = (
				20493BD42562CFC500AF4972 /* Homework.app */,
			);
			name = Products;
			sourceTree = "<group>";
		};
		20493BD62562CFC500AF4972 /* Homework */ = {
			isa = PBXGroup;
			children = (
				205DB04525BCF179008869C2 /* Application */,
				205DB04425BCF0C6008869C2 /* Modules */,
				20F9C043258D339D00EB7F38 /* Services */,
				20493BF12562CFE800AF4972 /* Utils */,
				20493BE02562CFC800AF4972 /* Assets.xcassets */,
				20493BE22562CFC800AF4972 /* LaunchScreen.storyboard */,
				20493BE52562CFC800AF4972 /* Info.plist */,
			);
			path = Homework;
			sourceTree = "<group>";
		};
		20493BF12562CFE800AF4972 /* Utils */ = {
			isa = PBXGroup;
			children = (
				20493C062562EDC900AF4972 /* Utilities.swift */,
				205DB03625BCED4E008869C2 /* Extensions */,
			);
			path = Utils;
			sourceTree = "<group>";
		};
		20493C022562DF6700AF4972 /* Authentication */ = {
			isa = PBXGroup;
			children = (
				202F041325BF77A600AC7B4A /* Login */,
				202F041425BF77B000AC7B4A /* WebLogin */,
			);
			path = Authentication;
			sourceTree = "<group>";
		};
		205DB02125BCD357008869C2 /* Friends */ = {
			isa = PBXGroup;
			children = (
				2091961325BF8999008129C2 /* Friends */,
				205DB02925BCD95E008869C2 /* FriendPhotos */,
			);
			path = Friends;
			sourceTree = "<group>";
		};
		205DB02225BCD369008869C2 /* Groups */ = {
			isa = PBXGroup;
			children = (
				2091961425BF89B3008129C2 /* Groups */,
				205DB03025BCEAE7008869C2 /* GlobalGroups */,
			);
			path = Groups;
			sourceTree = "<group>";
		};
		205DB02325BCD36F008869C2 /* News */ = {
			isa = PBXGroup;
			children = (
				2091961525BF89C2008129C2 /* News */,
			);
			path = News;
			sourceTree = "<group>";
		};
		205DB02525BCD3A6008869C2 /* View */ = {
			isa = PBXGroup;
			children = (
				20493BF62562D02A00AF4972 /* FriendsViewController.swift */,
				20DAA17125C04051008129E7 /* FriendsViewController+extension.swift */,
				20493C11256310DB00AF4972 /* FriendsTableViewCell.swift */,
				202F041025BF666B00AC7B4A /* FriendsTableViewCell+extension.swift */,
			);
			path = View;
			sourceTree = "<group>";
		};
		205DB02925BCD95E008869C2 /* FriendPhotos */ = {
			isa = PBXGroup;
			children = (
				205DB04825BCF37C008869C2 /* Model */,
				205DB02F25BCEAA5008869C2 /* View */,
				205DB02A25BCDA1E008869C2 /* Controller */,
			);
			path = FriendPhotos;
			sourceTree = "<group>";
		};
		205DB02A25BCDA1E008869C2 /* Controller */ = {
			isa = PBXGroup;
			children = (
				2001023825642D5B004855C0 /* PhotosCollectionViewController.swift */,
			);
			path = Controller;
			sourceTree = "<group>";
		};
		205DB02C25BCEA49008869C2 /* View */ = {
			isa = PBXGroup;
			children = (
				20493BF92562D03100AF4972 /* GroupsViewController.swift */,
				2001023E25645D65004855C0 /* GroupsTableViewCell.swift */,
				202F041F25BF7D5C00AC7B4A /* GroupTableViewCell+extension.swift */,
			);
			path = View;
			sourceTree = "<group>";
		};
		205DB02D25BCEA5E008869C2 /* View */ = {
			isa = PBXGroup;
			children = (
				203D198C25646F1A00C6FA39 /* PostTableViewCell.swift */,
				20767DF525D043820068BE96 /* PostTableViewCell+extension.swift */,
			);
			path = View;
			sourceTree = "<group>";
		};
		205DB02F25BCEAA5008869C2 /* View */ = {
			isa = PBXGroup;
			children = (
				20F990C1256C069C00718F03 /* PhotosTableViewCell.swift */,
				202F041625BF78F800AC7B4A /* PhotosTableViewCell+extension.swift */,
			);
			path = View;
			sourceTree = "<group>";
		};
		205DB03025BCEAE7008869C2 /* GlobalGroups */ = {
			isa = PBXGroup;
			children = (
				205DB03125BCEAF5008869C2 /* View */,
				202F042625BF80A700AC7B4A /* ViewModel */,
			);
			path = GlobalGroups;
			sourceTree = "<group>";
		};
		205DB03125BCEAF5008869C2 /* View */ = {
			isa = PBXGroup;
			children = (
				203D19862564665E00C6FA39 /* GlobalGroupsViewController.swift */,
			);
			path = View;
			sourceTree = "<group>";
		};
		205DB03325BCEB12008869C2 /* Controller */ = {
			isa = PBXGroup;
			children = (
				20493BFC2562D03900AF4972 /* NewsFeedViewController.swift */,
			);
			path = Controller;
			sourceTree = "<group>";
		};
		205DB03625BCED4E008869C2 /* Extensions */ = {
			isa = PBXGroup;
			children = (
				205DB03725BCED76008869C2 /* UIView+extension.swift */,
				205DB03A25BCED91008869C2 /* UIColor+extension.swift */,
				205DB03D25BCEDB8008869C2 /* UIImage+extension.swift */,
				205DB04025BCEE13008869C2 /* String+extension.swift */,
			);
			path = Extensions;
			sourceTree = "<group>";
		};
		205DB04425BCF0C6008869C2 /* Modules */ = {
			isa = PBXGroup;
			children = (
				20493BF32562D01800AF4972 /* MainTabController.swift */,
				20493C022562DF6700AF4972 /* Authentication */,
				205DB02125BCD357008869C2 /* Friends */,
				205DB02225BCD369008869C2 /* Groups */,
				205DB02325BCD36F008869C2 /* News */,
				205DB05625BF63CF008869C2 /* Animators */,
			);
			path = Modules;
			sourceTree = "<group>";
		};
		205DB04525BCF179008869C2 /* Application */ = {
			isa = PBXGroup;
			children = (
				20493BD72562CFC500AF4972 /* AppDelegate.swift */,
				20493BD92562CFC500AF4972 /* SceneDelegate.swift */,
			);
			path = Application;
			sourceTree = "<group>";
		};
		205DB04725BCF366008869C2 /* Model */ = {
			isa = PBXGroup;
			children = (
				204B2E8D259509D1005E33BA /* User.swift */,
			);
			path = Model;
			sourceTree = "<group>";
		};
		205DB04825BCF37C008869C2 /* Model */ = {
			isa = PBXGroup;
			children = (
				204B2E9625963F6E005E33BA /* Photo.swift */,
			);
			path = Model;
			sourceTree = "<group>";
		};
		205DB04925BCF39A008869C2 /* Model */ = {
			isa = PBXGroup;
			children = (
				204B2E9925964014005E33BA /* Group.swift */,
			);
			path = Model;
			sourceTree = "<group>";
		};
		205DB04A25BCF3AB008869C2 /* Model */ = {
			isa = PBXGroup;
			children = (
				203D198925646B1700C6FA39 /* Post.swift */,
			);
			path = Model;
			sourceTree = "<group>";
		};
		205DB05625BF63CF008869C2 /* Animators */ = {
			isa = PBXGroup;
			children = (
				20F99114256FFEF300718F03 /* GroupsAnimationController.swift */,
				20F990C7256D748500718F03 /* FriendsAnimationController.swift */,
			);
			path = Animators;
			sourceTree = "<group>";
		};
		205DB05A25BF6435008869C2 /* ViewModel */ = {
			isa = PBXGroup;
			children = (
				200E874725C2006600F0CD9D /* FriendsTableViewViewModel.swift */,
				200E874B25C20F5000F0CD9D /* FriendsTableViewCellViewModel.swift */,
			);
			path = ViewModel;
			sourceTree = "<group>";
		};
		2091961325BF8999008129C2 /* Friends */ = {
			isa = PBXGroup;
			children = (
				205DB04725BCF366008869C2 /* Model */,
				205DB02525BCD3A6008869C2 /* View */,
				205DB05A25BF6435008869C2 /* ViewModel */,
			);
			path = Friends;
			sourceTree = "<group>";
		};
		2091961425BF89B3008129C2 /* Groups */ = {
			isa = PBXGroup;
			children = (
				205DB04925BCF39A008869C2 /* Model */,
				205DB02C25BCEA49008869C2 /* View */,
				202F042225BF805400AC7B4A /* ViewModel */,
			);
			path = Groups;
			sourceTree = "<group>";
		};
		2091961525BF89C2008129C2 /* News */ = {
			isa = PBXGroup;
			children = (
				205DB04A25BCF3AB008869C2 /* Model */,
				205DB02D25BCEA5E008869C2 /* View */,
				205DB03325BCEB12008869C2 /* Controller */,
			);
			path = News;
			sourceTree = "<group>";
		};
		20F9C043258D339D00EB7F38 /* Services */ = {
			isa = PBXGroup;
			children = (
				204B2E9025951ECF005E33BA /* NetworkService.swift */,
				204B2EA0259758D2005E33BA /* BackendService.swift */,
			);
			path = Services;
			sourceTree = "<group>";
		};
		6F4B51DB2571BA8BBE9463C9 /* Frameworks */ = {
			isa = PBXGroup;
			children = (
				F937C69FB5DF649AAB41F4C4 /* Pods_Homework.framework */,
			);
			name = Frameworks;
			sourceTree = "<group>";
		};
		F0053D691AE6D9825C5BB63C /* Pods */ = {
			isa = PBXGroup;
			children = (
				B880B207FB6B538389E6C947 /* Pods-Homework.debug.xcconfig */,
				5498EBA0B1B8115565F9DC08 /* Pods-Homework.release.xcconfig */,
			);
			path = Pods;
			sourceTree = "<group>";
		};
/* End PBXGroup section */

/* Begin PBXNativeTarget section */
		20493BD32562CFC500AF4972 /* Homework */ = {
			isa = PBXNativeTarget;
			buildConfigurationList = 20493BE82562CFC800AF4972 /* Build configuration list for PBXNativeTarget "Homework" */;
			buildPhases = (
				35B33C9637026908E0A2C9AB /* [CP] Check Pods Manifest.lock */,
				20493BD02562CFC500AF4972 /* Sources */,
				20493BD12562CFC500AF4972 /* Frameworks */,
				20493BD22562CFC500AF4972 /* Resources */,
				3C752FD70960037F08DFD007 /* [CP] Embed Pods Frameworks */,
			);
			buildRules = (
			);
			dependencies = (
			);
			name = Homework;
			productName = "Eigth homework task";
			productReference = 20493BD42562CFC500AF4972 /* Homework.app */;
			productType = "com.apple.product-type.application";
		};
/* End PBXNativeTarget section */

/* Begin PBXProject section */
		20493BCC2562CFC500AF4972 /* Project object */ = {
			isa = PBXProject;
			attributes = {
				LastSwiftUpdateCheck = 1210;
				LastUpgradeCheck = 1210;
				TargetAttributes = {
					20493BD32562CFC500AF4972 = {
						CreatedOnToolsVersion = 12.1;
					};
				};
			};
			buildConfigurationList = 20493BCF2562CFC500AF4972 /* Build configuration list for PBXProject "Homework" */;
			compatibilityVersion = "Xcode 9.3";
			developmentRegion = en;
			hasScannedForEncodings = 0;
			knownRegions = (
				en,
				Base,
			);
			mainGroup = 20493BCB2562CFC500AF4972;
			productRefGroup = 20493BD52562CFC500AF4972 /* Products */;
			projectDirPath = "";
			projectRoot = "";
			targets = (
				20493BD32562CFC500AF4972 /* Homework */,
			);
		};
/* End PBXProject section */

/* Begin PBXResourcesBuildPhase section */
		20493BD22562CFC500AF4972 /* Resources */ = {
			isa = PBXResourcesBuildPhase;
			buildActionMask = 2147483647;
			files = (
				20493BE42562CFC800AF4972 /* LaunchScreen.storyboard in Resources */,
				20493BE12562CFC800AF4972 /* Assets.xcassets in Resources */,
			);
			runOnlyForDeploymentPostprocessing = 0;
		};
/* End PBXResourcesBuildPhase section */

/* Begin PBXShellScriptBuildPhase section */
		35B33C9637026908E0A2C9AB /* [CP] Check Pods Manifest.lock */ = {
			isa = PBXShellScriptBuildPhase;
			buildActionMask = 2147483647;
			files = (
			);
			inputFileListPaths = (
			);
			inputPaths = (
				"${PODS_PODFILE_DIR_PATH}/Podfile.lock",
				"${PODS_ROOT}/Manifest.lock",
			);
			name = "[CP] Check Pods Manifest.lock";
			outputFileListPaths = (
			);
			outputPaths = (
				"$(DERIVED_FILE_DIR)/Pods-Homework-checkManifestLockResult.txt",
			);
			runOnlyForDeploymentPostprocessing = 0;
			shellPath = /bin/sh;
			shellScript = "diff \"${PODS_PODFILE_DIR_PATH}/Podfile.lock\" \"${PODS_ROOT}/Manifest.lock\" > /dev/null\nif [ $? != 0 ] ; then\n    # print error to STDERR\n    echo \"error: The sandbox is not in sync with the Podfile.lock. Run 'pod install' or update your CocoaPods installation.\" >&2\n    exit 1\nfi\n# This output is used by Xcode 'outputs' to avoid re-running this script phase.\necho \"SUCCESS\" > \"${SCRIPT_OUTPUT_FILE_0}\"\n";
			showEnvVarsInLog = 0;
		};
		3C752FD70960037F08DFD007 /* [CP] Embed Pods Frameworks */ = {
			isa = PBXShellScriptBuildPhase;
			buildActionMask = 2147483647;
			files = (
			);
			inputFileListPaths = (
				"${PODS_ROOT}/Target Support Files/Pods-Homework/Pods-Homework-frameworks-${CONFIGURATION}-input-files.xcfilelist",
			);
			name = "[CP] Embed Pods Frameworks";
			outputFileListPaths = (
				"${PODS_ROOT}/Target Support Files/Pods-Homework/Pods-Homework-frameworks-${CONFIGURATION}-output-files.xcfilelist",
			);
			runOnlyForDeploymentPostprocessing = 0;
			shellPath = /bin/sh;
			shellScript = "\"${PODS_ROOT}/Target Support Files/Pods-Homework/Pods-Homework-frameworks.sh\"\n";
			showEnvVarsInLog = 0;
		};
/* End PBXShellScriptBuildPhase section */

/* Begin PBXSourcesBuildPhase section */
		20493BD02562CFC500AF4972 /* Sources */ = {
			isa = PBXSourcesBuildPhase;
			buildActionMask = 2147483647;
			files = (
				204B2E9725963F6E005E33BA /* Photo.swift in Sources */,
				203D198D25646F1A00C6FA39 /* PostTableViewCell.swift in Sources */,
				20493BD82562CFC500AF4972 /* AppDelegate.swift in Sources */,
				205DB03E25BCEDB8008869C2 /* UIImage+extension.swift in Sources */,
				205DB03B25BCED91008869C2 /* UIColor+extension.swift in Sources */,
				20493BDA2562CFC500AF4972 /* SceneDelegate.swift in Sources */,
				20493C042562DF8D00AF4972 /* LoginViewController.swift in Sources */,
				202F042025BF7D5C00AC7B4A /* GroupTableViewCell+extension.swift in Sources */,
				20F990C8256D748500718F03 /* FriendsAnimationController.swift in Sources */,
				20493BF72562D02A00AF4972 /* FriendsViewController.swift in Sources */,
				20DAA17225C04051008129E7 /* FriendsViewController+extension.swift in Sources */,
				202F041125BF666B00AC7B4A /* FriendsTableViewCell+extension.swift in Sources */,
				20493BF42562D01800AF4972 /* MainTabController.swift in Sources */,
				20767DF625D043820068BE96 /* PostTableViewCell+extension.swift in Sources */,
				20493BFA2562D03100AF4972 /* GroupsViewController.swift in Sources */,
				20493C072562EDC900AF4972 /* Utilities.swift in Sources */,
				205DB04125BCEE13008869C2 /* String+extension.swift in Sources */,
				205DB03825BCED76008869C2 /* UIView+extension.swift in Sources */,
				20A4E269258F8781003D33BF /* WebLoginViewController.swift in Sources */,
				204B2E9125951ECF005E33BA /* NetworkService.swift in Sources */,
				20F990C2256C069C00718F03 /* PhotosTableViewCell.swift in Sources */,
				200E874825C2006600F0CD9D /* FriendsTableViewViewModel.swift in Sources */,
				20493BFD2562D03900AF4972 /* NewsFeedViewController.swift in Sources */,
				2001023925642D5B004855C0 /* PhotosCollectionViewController.swift in Sources */,
				202F041725BF78F800AC7B4A /* PhotosTableViewCell+extension.swift in Sources */,
				200E874C25C20F5000F0CD9D /* FriendsTableViewCellViewModel.swift in Sources */,
				203D198A25646B1700C6FA39 /* Post.swift in Sources */,
				20493C12256310DB00AF4972 /* FriendsTableViewCell.swift in Sources */,
				2001023F25645D65004855C0 /* GroupsTableViewCell.swift in Sources */,
				20F99115256FFEF300718F03 /* GroupsAnimationController.swift in Sources */,
				204B2E9A25964014005E33BA /* Group.swift in Sources */,
				204B2E8E259509D1005E33BA /* User.swift in Sources */,
				204B2EA1259758D2005E33BA /* BackendService.swift in Sources */,
				203D19872564665E00C6FA39 /* GlobalGroupsViewController.swift in Sources */,
			);
			runOnlyForDeploymentPostprocessing = 0;
		};
/* End PBXSourcesBuildPhase section */

/* Begin PBXVariantGroup section */
		20493BE22562CFC800AF4972 /* LaunchScreen.storyboard */ = {
			isa = PBXVariantGroup;
			children = (
				20493BE32562CFC800AF4972 /* Base */,
			);
			name = LaunchScreen.storyboard;
			sourceTree = "<group>";
		};
/* End PBXVariantGroup section */

/* Begin XCBuildConfiguration section */
		20493BE62562CFC800AF4972 /* Debug */ = {
			isa = XCBuildConfiguration;
			buildSettings = {
				ALWAYS_SEARCH_USER_PATHS = NO;
				CLANG_ANALYZER_NONNULL = YES;
				CLANG_ANALYZER_NUMBER_OBJECT_CONVERSION = YES_AGGRESSIVE;
				CLANG_CXX_LANGUAGE_STANDARD = "gnu++14";
				CLANG_CXX_LIBRARY = "libc++";
				CLANG_ENABLE_MODULES = YES;
				CLANG_ENABLE_OBJC_ARC = YES;
				CLANG_ENABLE_OBJC_WEAK = YES;
				CLANG_WARN_BLOCK_CAPTURE_AUTORELEASING = YES;
				CLANG_WARN_BOOL_CONVERSION = YES;
				CLANG_WARN_COMMA = YES;
				CLANG_WARN_CONSTANT_CONVERSION = YES;
				CLANG_WARN_DEPRECATED_OBJC_IMPLEMENTATIONS = YES;
				CLANG_WARN_DIRECT_OBJC_ISA_USAGE = YES_ERROR;
				CLANG_WARN_DOCUMENTATION_COMMENTS = YES;
				CLANG_WARN_EMPTY_BODY = YES;
				CLANG_WARN_ENUM_CONVERSION = YES;
				CLANG_WARN_INFINITE_RECURSION = YES;
				CLANG_WARN_INT_CONVERSION = YES;
				CLANG_WARN_NON_LITERAL_NULL_CONVERSION = YES;
				CLANG_WARN_OBJC_IMPLICIT_RETAIN_SELF = YES;
				CLANG_WARN_OBJC_LITERAL_CONVERSION = YES;
				CLANG_WARN_OBJC_ROOT_CLASS = YES_ERROR;
				CLANG_WARN_QUOTED_INCLUDE_IN_FRAMEWORK_HEADER = YES;
				CLANG_WARN_RANGE_LOOP_ANALYSIS = YES;
				CLANG_WARN_STRICT_PROTOTYPES = YES;
				CLANG_WARN_SUSPICIOUS_MOVE = YES;
				CLANG_WARN_UNGUARDED_AVAILABILITY = YES_AGGRESSIVE;
				CLANG_WARN_UNREACHABLE_CODE = YES;
				CLANG_WARN__DUPLICATE_METHOD_MATCH = YES;
				COPY_PHASE_STRIP = NO;
				DEBUG_INFORMATION_FORMAT = dwarf;
				ENABLE_STRICT_OBJC_MSGSEND = YES;
				ENABLE_TESTABILITY = YES;
				GCC_C_LANGUAGE_STANDARD = gnu11;
				GCC_DYNAMIC_NO_PIC = NO;
				GCC_NO_COMMON_BLOCKS = YES;
				GCC_OPTIMIZATION_LEVEL = 0;
				GCC_PREPROCESSOR_DEFINITIONS = (
					"DEBUG=1",
					"$(inherited)",
				);
				GCC_WARN_64_TO_32_BIT_CONVERSION = YES;
				GCC_WARN_ABOUT_RETURN_TYPE = YES_ERROR;
				GCC_WARN_UNDECLARED_SELECTOR = YES;
				GCC_WARN_UNINITIALIZED_AUTOS = YES_AGGRESSIVE;
				GCC_WARN_UNUSED_FUNCTION = YES;
				GCC_WARN_UNUSED_VARIABLE = YES;
				IPHONEOS_DEPLOYMENT_TARGET = 14.1;
				MTL_ENABLE_DEBUG_INFO = INCLUDE_SOURCE;
				MTL_FAST_MATH = YES;
				ONLY_ACTIVE_ARCH = YES;
				SDKROOT = iphoneos;
				SWIFT_ACTIVE_COMPILATION_CONDITIONS = DEBUG;
				SWIFT_OPTIMIZATION_LEVEL = "-Onone";
			};
			name = Debug;
		};
		20493BE72562CFC800AF4972 /* Release */ = {
			isa = XCBuildConfiguration;
			buildSettings = {
				ALWAYS_SEARCH_USER_PATHS = NO;
				CLANG_ANALYZER_NONNULL = YES;
				CLANG_ANALYZER_NUMBER_OBJECT_CONVERSION = YES_AGGRESSIVE;
				CLANG_CXX_LANGUAGE_STANDARD = "gnu++14";
				CLANG_CXX_LIBRARY = "libc++";
				CLANG_ENABLE_MODULES = YES;
				CLANG_ENABLE_OBJC_ARC = YES;
				CLANG_ENABLE_OBJC_WEAK = YES;
				CLANG_WARN_BLOCK_CAPTURE_AUTORELEASING = YES;
				CLANG_WARN_BOOL_CONVERSION = YES;
				CLANG_WARN_COMMA = YES;
				CLANG_WARN_CONSTANT_CONVERSION = YES;
				CLANG_WARN_DEPRECATED_OBJC_IMPLEMENTATIONS = YES;
				CLANG_WARN_DIRECT_OBJC_ISA_USAGE = YES_ERROR;
				CLANG_WARN_DOCUMENTATION_COMMENTS = YES;
				CLANG_WARN_EMPTY_BODY = YES;
				CLANG_WARN_ENUM_CONVERSION = YES;
				CLANG_WARN_INFINITE_RECURSION = YES;
				CLANG_WARN_INT_CONVERSION = YES;
				CLANG_WARN_NON_LITERAL_NULL_CONVERSION = YES;
				CLANG_WARN_OBJC_IMPLICIT_RETAIN_SELF = YES;
				CLANG_WARN_OBJC_LITERAL_CONVERSION = YES;
				CLANG_WARN_OBJC_ROOT_CLASS = YES_ERROR;
				CLANG_WARN_QUOTED_INCLUDE_IN_FRAMEWORK_HEADER = YES;
				CLANG_WARN_RANGE_LOOP_ANALYSIS = YES;
				CLANG_WARN_STRICT_PROTOTYPES = YES;
				CLANG_WARN_SUSPICIOUS_MOVE = YES;
				CLANG_WARN_UNGUARDED_AVAILABILITY = YES_AGGRESSIVE;
				CLANG_WARN_UNREACHABLE_CODE = YES;
				CLANG_WARN__DUPLICATE_METHOD_MATCH = YES;
				COPY_PHASE_STRIP = NO;
				DEBUG_INFORMATION_FORMAT = "dwarf-with-dsym";
				ENABLE_NS_ASSERTIONS = NO;
				ENABLE_STRICT_OBJC_MSGSEND = YES;
				GCC_C_LANGUAGE_STANDARD = gnu11;
				GCC_NO_COMMON_BLOCKS = YES;
				GCC_WARN_64_TO_32_BIT_CONVERSION = YES;
				GCC_WARN_ABOUT_RETURN_TYPE = YES_ERROR;
				GCC_WARN_UNDECLARED_SELECTOR = YES;
				GCC_WARN_UNINITIALIZED_AUTOS = YES_AGGRESSIVE;
				GCC_WARN_UNUSED_FUNCTION = YES;
				GCC_WARN_UNUSED_VARIABLE = YES;
				IPHONEOS_DEPLOYMENT_TARGET = 14.1;
				MTL_ENABLE_DEBUG_INFO = NO;
				MTL_FAST_MATH = YES;
				SDKROOT = iphoneos;
				SWIFT_COMPILATION_MODE = wholemodule;
				SWIFT_OPTIMIZATION_LEVEL = "-O";
				VALIDATE_PRODUCT = YES;
			};
			name = Release;
		};
		20493BE92562CFC800AF4972 /* Debug */ = {
			isa = XCBuildConfiguration;
			baseConfigurationReference = B880B207FB6B538389E6C947 /* Pods-Homework.debug.xcconfig */;
			buildSettings = {
				ASSETCATALOG_COMPILER_APPICON_NAME = AppIcon;
				ASSETCATALOG_COMPILER_GLOBAL_ACCENT_COLOR_NAME = AccentColor;
				CODE_SIGN_STYLE = Automatic;
				DEVELOPMENT_TEAM = G8LSJ9NMNL;
				INFOPLIST_FILE = Homework/Info.plist;
				LD_RUNPATH_SEARCH_PATHS = (
					"$(inherited)",
					"@executable_path/Frameworks",
				);
				PRODUCT_BUNDLE_IDENTIFIER = com.NihadSamedov.Homework;
				PRODUCT_NAME = "$(TARGET_NAME)";
				SWIFT_VERSION = 5.0;
				TARGETED_DEVICE_FAMILY = "1,2";
			};
			name = Debug;
		};
		20493BEA2562CFC800AF4972 /* Release */ = {
			isa = XCBuildConfiguration;
			baseConfigurationReference = 5498EBA0B1B8115565F9DC08 /* Pods-Homework.release.xcconfig */;
			buildSettings = {
				ASSETCATALOG_COMPILER_APPICON_NAME = AppIcon;
				ASSETCATALOG_COMPILER_GLOBAL_ACCENT_COLOR_NAME = AccentColor;
				CODE_SIGN_STYLE = Automatic;
				DEVELOPMENT_TEAM = G8LSJ9NMNL;
				INFOPLIST_FILE = Homework/Info.plist;
				LD_RUNPATH_SEARCH_PATHS = (
					"$(inherited)",
					"@executable_path/Frameworks",
				);
				PRODUCT_BUNDLE_IDENTIFIER = com.NihadSamedov.Homework;
				PRODUCT_NAME = "$(TARGET_NAME)";
				SWIFT_VERSION = 5.0;
				TARGETED_DEVICE_FAMILY = "1,2";
			};
			name = Release;
		};
/* End XCBuildConfiguration section */

/* Begin XCConfigurationList section */
		20493BCF2562CFC500AF4972 /* Build configuration list for PBXProject "Homework" */ = {
			isa = XCConfigurationList;
			buildConfigurations = (
				20493BE62562CFC800AF4972 /* Debug */,
				20493BE72562CFC800AF4972 /* Release */,
			);
			defaultConfigurationIsVisible = 0;
			defaultConfigurationName = Release;
		};
		20493BE82562CFC800AF4972 /* Build configuration list for PBXNativeTarget "Homework" */ = {
			isa = XCConfigurationList;
			buildConfigurations = (
				20493BE92562CFC800AF4972 /* Debug */,
				20493BEA2562CFC800AF4972 /* Release */,
			);
			defaultConfigurationIsVisible = 0;
			defaultConfigurationName = Release;
		};
/* End XCConfigurationList section */
	};
	rootObject = 20493BCC2562CFC500AF4972 /* Project object */;
}
